schema: '2.0'
stages:
  data_collection:
    cmd: python src/data_collection.py
    deps:
    - path: data/raw
      hash: md5
      md5: aea076040ce84b16bdb7cb1a20400311.dir
      size: 336568419
      nfiles: 13711
    - path: params.yaml
      hash: md5
      md5: a35f214dfacc5ed0684962affa1f7b2d
      size: 622
    - path: src/data_collection.py
      hash: md5
      md5: d5dde600410286decc3cebb606fd58aa
      size: 3551
    outs:
    - path: results/dataset_statistics.yaml
      hash: md5
      md5: 6b71857563e18950a40be4fb1da3a1c8
      size: 450
  data_processing:
    cmd: python src/data_processing.py
    deps:
    - path: data/raw
      hash: md5
      md5: aea076040ce84b16bdb7cb1a20400311.dir
      size: 336568419
      nfiles: 13711
    - path: params.yaml
      hash: md5
      md5: a35f214dfacc5ed0684962affa1f7b2d
      size: 622
    - path: src/data_processing.py
      hash: md5
      md5: 740215e3dced079310524ec553bc44f4
      size: 4165
    outs:
    - path: data/processed/test.csv
      hash: md5
      md5: 4441b0bac6eb0454b62fdf28d8627036
      size: 122960
    - path: data/processed/train.csv
      hash: md5
      md5: b77904f80e7dfb163e492089213b09a9
      size: 587035
    - path: data/processed/validation.csv
      hash: md5
      md5: 802c95944551f2696cb55a5961aecdaa
      size: 135332
  feature_selection:
    cmd: python src/feature_selection.py
    deps:
    - path: data/processed/test.csv
      hash: md5
      md5: 4441b0bac6eb0454b62fdf28d8627036
      size: 122960
    - path: data/processed/train.csv
      hash: md5
      md5: b77904f80e7dfb163e492089213b09a9
      size: 587035
    - path: data/processed/validation.csv
      hash: md5
      md5: 802c95944551f2696cb55a5961aecdaa
      size: 135332
    - path: params.yaml
      hash: md5
      md5: a35f214dfacc5ed0684962affa1f7b2d
      size: 622
    - path: src/feature_selection.py
      hash: md5
      md5: c75071431a5fdb8e9b728ab50b11a5e3
      size: 6166
    outs:
    - path: data/processed/test_features.npz
      hash: md5
      md5: dcc37383dfb279fb33aaf6bad947f7a3
      size: 2124884
    - path: data/processed/train_features.npz
      hash: md5
      md5: c1bf07bf7511be3d8d5efe1df474d6cf
      size: 10273531
    - path: data/processed/validation_features.npz
      hash: md5
      md5: 2d613227ea36560bb193abb7bf38c749
      size: 2126541
  model_training:
    cmd: python src/model_training.py
    deps:
    - path: data/processed/train_features.npz
      hash: md5
      md5: c1bf07bf7511be3d8d5efe1df474d6cf
      size: 10273531
    - path: data/processed/validation_features.npz
      hash: md5
      md5: 2d613227ea36560bb193abb7bf38c749
      size: 2126541
    - path: params.yaml
      hash: md5
      md5: a35f214dfacc5ed0684962affa1f7b2d
      size: 622
    - path: src/model_training.py
      hash: md5
      md5: e444642f0ab666c542362dccf1d71f37
      size: 6744
    outs:
    - path: models/class_mapping.json
      hash: md5
      md5: dc359b0a1a886f34e86f83fb01e31b82
      size: 498
    - path: models/sea_animal_classifier.keras
      hash: md5
      md5: 01de109c4c79f50ea9184bdd238c6833
      size: 1394230
    - path: results/training_history.json
      hash: md5
      md5: a4dfb1e0f38c285d2a45fb44d2fa3d80
      size: 1846
  model_evaluation:
    cmd: python src/model_evaluation.py
    deps:
    - path: data/processed/test_features.npz
      hash: md5
      md5: dcc37383dfb279fb33aaf6bad947f7a3
      size: 2124884
    - path: models/class_mapping.json
      hash: md5
      md5: dc359b0a1a886f34e86f83fb01e31b82
      size: 498
    - path: models/sea_animal_classifier.keras
      hash: md5
      md5: 01de109c4c79f50ea9184bdd238c6833
      size: 1394230
    - path: params.yaml
      hash: md5
      md5: a35f214dfacc5ed0684962affa1f7b2d
      size: 622
    - path: results/training_history.json
      hash: md5
      md5: a4dfb1e0f38c285d2a45fb44d2fa3d80
      size: 1846
    - path: src/model_evaluation.py
      hash: md5
      md5: 3246561e3ab49ac8725962e3e939f24d
      size: 7930
    outs:
    - path: results/accuracy_curve.png
      hash: md5
      md5: d3f6b33bb86b0d82cd102e933fc3d495
      size: 81510
    - path: results/classification_report.json
      hash: md5
      md5: 3bb8c3ed55fe60eeb37ccdc1af9688f9
      size: 4030
    - path: results/confusion_matrix.png
      hash: md5
      md5: 4ec9325a43de567609824927035111d9
      size: 428633
    - path: results/evaluation_metrics.json
      hash: md5
      md5: dd04d01adcd06d19cd66963dd39b7a8b
      size: 112
    - path: results/loss_curve.png
      hash: md5
      md5: 48e847a309cb467ed7a6c9d637a0ca83
      size: 72297
