schema: '2.0'
stages:
  data_collection:
    cmd: python src/data_collection.py
    deps:
    - path: data/raw
      hash: md5
      md5: aea076040ce84b16bdb7cb1a20400311.dir
      size: 336568419
      nfiles: 13711
    - path: src/data_collection.py
      hash: md5
      md5: 20944907006d5edbabd23b7d3067c26a
      size: 3410
    params:
      params.yaml:
        data.raw_dir: data/raw
        data.source_dir: C:/Users/ameya/Downloads/sea_animals_dataset
    outs:
    - path: results/dataset_statistics.yaml
      hash: md5
      md5: 6b71857563e18950a40be4fb1da3a1c8
      size: 450
  data_processing:
    cmd: python src/data_processing.py
    deps:
    - path: data/raw
      hash: md5
      md5: aea076040ce84b16bdb7cb1a20400311.dir
      size: 336568419
      nfiles: 13711
    - path: src/data_processing.py
      hash: md5
      md5: 3fc581e6370dbc4a24b668545f3fb987
      size: 3981
    params:
      params.yaml:
        data.processed_dir: data/processed
        data.raw_dir: data/raw
        split.random_seed: 42
        split.test_size: 0.15
        split.validation_size: 0.15
    outs:
    - path: data/processed/test.csv
      hash: md5
      md5: 4441b0bac6eb0454b62fdf28d8627036
      size: 122960
    - path: data/processed/train.csv
      hash: md5
      md5: b77904f80e7dfb163e492089213b09a9
      size: 587035
    - path: data/processed/validation.csv
      hash: md5
      md5: 802c95944551f2696cb55a5961aecdaa
      size: 135332
  feature_selection:
    cmd: python src/feature_selection.py
    deps:
    - path: data/processed/test.csv
      hash: md5
      md5: 4441b0bac6eb0454b62fdf28d8627036
      size: 122960
    - path: data/processed/train.csv
      hash: md5
      md5: b77904f80e7dfb163e492089213b09a9
      size: 587035
    - path: data/processed/validation.csv
      hash: md5
      md5: 802c95944551f2696cb55a5961aecdaa
      size: 135332
    - path: src/feature_selection.py
      hash: md5
      md5: c2ace951538c68b9d71bdaea66add70f
      size: 5894
    params:
      params.yaml:
        data.processed_dir: data/processed
        feature_selection.max_features: 512
        feature_selection.threshold: 0.01
        image.image_size: 128
    outs:
    - path: data/processed/test_features.npz
      hash: md5
      md5: dcc37383dfb279fb33aaf6bad947f7a3
      size: 2124884
    - path: data/processed/train_features.npz
      hash: md5
      md5: c1bf07bf7511be3d8d5efe1df474d6cf
      size: 10273531
    - path: data/processed/validation_features.npz
      hash: md5
      md5: 2d613227ea36560bb193abb7bf38c749
      size: 2126541
  model_training:
    cmd: python src/model_training.py
    deps:
    - path: data/processed/train_features.npz
      hash: md5
      md5: c1bf07bf7511be3d8d5efe1df474d6cf
      size: 10273531
    - path: data/processed/validation_features.npz
      hash: md5
      md5: 2d613227ea36560bb193abb7bf38c749
      size: 2126541
    - path: src/model_training.py
      hash: md5
      md5: a397b0325b278d78fc95419442195634
      size: 6433
    params:
      params.yaml:
        data.processed_dir: data/processed
        model.dense_units_1: 256
        model.dense_units_2: 128
        split.random_seed: 42
        training.batch_size: 32
        training.dropout_rate: 0.2
        training.epochs: 15
        training.learning_rate: 0.001
        training.optimizer: adam
    outs:
    - path: models/class_mapping.json
      hash: md5
      md5: dc359b0a1a886f34e86f83fb01e31b82
      size: 498
    - path: models/sea_animal_classifier.keras
      hash: md5
      md5: 34495e1c641168531ce793ccda55c656
      size: 1394230
    - path: results/training_history.json
      hash: md5
      md5: 055b640c15ef3a0dd0860706a5dcb1bc
      size: 1852
  model_evaluation:
    cmd: python src/model_evaluation.py
    deps:
    - path: data/processed/test_features.npz
      hash: md5
      md5: dcc37383dfb279fb33aaf6bad947f7a3
      size: 2124884
    - path: models/class_mapping.json
      hash: md5
      md5: dc359b0a1a886f34e86f83fb01e31b82
      size: 498
    - path: models/sea_animal_classifier.keras
      hash: md5
      md5: 34495e1c641168531ce793ccda55c656
      size: 1394230
    - path: results/training_history.json
      hash: md5
      md5: 055b640c15ef3a0dd0860706a5dcb1bc
      size: 1852
    - path: src/model_evaluation.py
      hash: md5
      md5: 829c7f4b642c5031ad070059803acf11
      size: 8308
    params:
      params.yaml:
        data.processed_dir: data/processed
    outs:
    - path: results/accuracy_curve.png
      hash: md5
      md5: 9340ef4bc4b2c21eee204c2aa2962f41
      size: 83118
    - path: results/classification_report.json
      hash: md5
      md5: d889322585235848d425fa1a157d77b3
      size: 4220
    - path: results/confusion_matrix.png
      hash: md5
      md5: 87befce770867dc48ea6846bafe0baf0
      size: 423554
    - path: results/evaluation_metrics.json
      hash: md5
      md5: 627f5045c2049d9b32eb6b2b804ebc35
      size: 236
    - path: results/loss_curve.png
      hash: md5
      md5: 0c6f90cdce69b34f67f5466bdeb97af1
      size: 76964
